
Microsoft Visual Studio Solution File, Format Version 12.00
# Visual Studio 15
VisualStudioVersion = 15.0.28307.852
MinimumVisualStudioVersion = 10.0.40219.1
Project("{FAE04EC0-301F-11D3-BF4B-00C04F79EFBC}") = "OCR.Engine", "OCR.Engine\OCR.Engine.csproj", "{6A2D6E27-0B26-4F1A-A119-8E7E8C83176F}"
EndProject
Project("{FAE04EC0-301F-11D3-BF4B-00C04F79EFBC}") = "OCR.Test", "OCR.Test\OCR.Test.csproj", "{11D0CCA4-C152-4C52-AB26-AB6740AD441B}"
EndProject
Global
	GlobalSection(SolutionConfigurationPlatforms) = preSolution
		Debug|Any CPU = Debug|Any CPU
		Release|Any CPU = Release|Any CPU
	EndGlobalSection
	GlobalSection(ProjectConfigurationPlatforms) = postSolution
		{6A2D6E27-0B26-4F1A-A119-8E7E8C83176F}.Debug|Any CPU.ActiveCfg = Debug|Any CPU
		{6A2D6E27-0B26-4F1A-A119-8E7E8C83176F}.Debug|Any CPU.Build.0 = Debug|Any CPU
		{6A2D6E27-0B26-4F1A-A119-8E7E8C83176F}.Release|Any CPU.ActiveCfg = Release|Any CPU
		{6A2D6E27-0B26-4F1A-A119-8E7E8C83176F}.Release|Any CPU.Build.0 = Release|Any CPU
		{11D0CCA4-C152-4C52-AB26-AB6740AD441B}.Debug|Any CPU.ActiveCfg = Debug|Any CPU
		{11D0CCA4-C152-4C52-AB26-AB6740AD441B}.Debug|Any CPU.Build.0 = Debug|Any CPU
		{11D0CCA4-C152-4C52-AB26-AB6740AD441B}.Release|Any CPU.ActiveCfg = Release|Any CPU
		{11D0CCA4-C152-4C52-AB26-AB6740AD441B}.Release|Any CPU.Build.0 = Release|Any CPU
	EndGlobalSection
	GlobalSection(SolutionProperties) = preSolution
		HideSolutionNode = FALSE
	EndGlobalSection
	GlobalSection(ExtensibilityGlobals) = postSolution
		SolutionGuid = {388CB0BD-047F-4838-8BCF-B5CE94842589}
	EndGlobalSection
EndGlobal
